
Microsoft Visual Studio Solution File, Format Version 12.00
# Visual Studio 15
VisualStudioVersion = 15.0.27130.2010
MinimumVisualStudioVersion = 10.0.40219.1
Project("{FAE04EC0-301F-11D3-BF4B-00C04F79EFBC}") = "YeelightAPI", "YeelightAPI\YeelightAPI.csproj", "{A37466B9-0A91-4162-91D9-817058AD2F9E}"
EndProject
Project("{FAE04EC0-301F-11D3-BF4B-00C04F79EFBC}") = "YeelightAPIConsoleTest", "YeelightAPIConsoleTest\YeelightAPIConsoleTest.csproj", "{8B0A98BA-93B2-4046-B692-6D9CEECE348F}"
EndProject
Global
	GlobalSection(SolutionConfigurationPlatforms) = preSolution
		Debug|Any CPU = Debug|Any CPU
		Release|Any CPU = Release|Any CPU
	EndGlobalSection
	GlobalSection(ProjectConfigurationPlatforms) = postSolution
		{A37466B9-0A91-4162-91D9-817058AD2F9E}.Debug|Any CPU.ActiveCfg = Debug|Any CPU
		{A37466B9-0A91-4162-91D9-817058AD2F9E}.Debug|Any CPU.Build.0 = Debug|Any CPU
		{A37466B9-0A91-4162-91D9-817058AD2F9E}.Release|Any CPU.ActiveCfg = Release|Any CPU
		{A37466B9-0A91-4162-91D9-817058AD2F9E}.Release|Any CPU.Build.0 = Release|Any CPU
		{8B0A98BA-93B2-4046-B692-6D9CEECE348F}.Debug|Any CPU.ActiveCfg = Debug|Any CPU
		{8B0A98BA-93B2-4046-B692-6D9CEECE348F}.Debug|Any CPU.Build.0 = Debug|Any CPU
		{8B0A98BA-93B2-4046-B692-6D9CEECE348F}.Release|Any CPU.ActiveCfg = Release|Any CPU
		{8B0A98BA-93B2-4046-B692-6D9CEECE348F}.Release|Any CPU.Build.0 = Release|Any CPU
	EndGlobalSection
	GlobalSection(SolutionProperties) = preSolution
		HideSolutionNode = FALSE
	EndGlobalSection
	GlobalSection(ExtensibilityGlobals) = postSolution
		SolutionGuid = {4692B4CB-15FF-4FF0-8921-EE2431D43F6C}
	EndGlobalSection
EndGlobal
